
Microsoft Visual Studio Solution File, Format Version 12.00
# Visual Studio Version 17
VisualStudioVersion = 17.13.35818.85
MinimumVisualStudioVersion = 10.0.40219.1
Project("{FAE04EC0-301F-11D3-BF4B-00C04F79EFBC}") = "GruppoMamme", "SiriusBackend\GruppoMamme.csproj", "{585333B3-3DE9-40E2-98FF-AAB47DC17B15}"
EndProject
Global
	GlobalSection(SolutionConfigurationPlatforms) = preSolution
		Debug|Any CPU = Debug|Any CPU
		Release|Any CPU = Release|Any CPU
	EndGlobalSection
	GlobalSection(ProjectConfigurationPlatforms) = postSolution
		{585333B3-3DE9-40E2-98FF-AAB47DC17B15}.Debug|Any CPU.ActiveCfg = Debug|Any CPU
		{585333B3-3DE9-40E2-98FF-AAB47DC17B15}.Debug|Any CPU.Build.0 = Debug|Any CPU
		{585333B3-3DE9-40E2-98FF-AAB47DC17B15}.Release|Any CPU.ActiveCfg = Release|Any CPU
		{585333B3-3DE9-40E2-98FF-AAB47DC17B15}.Release|Any CPU.Build.0 = Release|Any CPU
	EndGlobalSection
	GlobalSection(SolutionProperties) = preSolution
		HideSolutionNode = FALSE
	EndGlobalSection
	GlobalSection(ExtensibilityGlobals) = postSolution
		SolutionGuid = {9F0D0FEA-4494-4B41-B2A1-377FD7454A33}
	EndGlobalSection
EndGlobal
